
Microsoft Visual Studio Solution File, Format Version 12.00
# Visual Studio 15
VisualStudioVersion = 15.0.27130.2027
MinimumVisualStudioVersion = 10.0.40219.1
Project("{FAE04EC0-301F-11D3-BF4B-00C04F79EFBC}") = "Priject", "Priject\Priject.csproj", "{7A3A2135-10CD-4B24-A953-2821D177784D}"
EndProject
Global
	GlobalSection(SolutionConfigurationPlatforms) = preSolution
		Debug|Any CPU = Debug|Any CPU
		Release|Any CPU = Release|Any CPU
	EndGlobalSection
	GlobalSection(ProjectConfigurationPlatforms) = postSolution
		{7A3A2135-10CD-4B24-A953-2821D177784D}.Debug|Any CPU.ActiveCfg = Debug|Any CPU
		{7A3A2135-10CD-4B24-A953-2821D177784D}.Debug|Any CPU.Build.0 = Debug|Any CPU
		{7A3A2135-10CD-4B24-A953-2821D177784D}.Release|Any CPU.ActiveCfg = Release|Any CPU
		{7A3A2135-10CD-4B24-A953-2821D177784D}.Release|Any CPU.Build.0 = Release|Any CPU
	EndGlobalSection
	GlobalSection(SolutionProperties) = preSolution
		HideSolutionNode = FALSE
	EndGlobalSection
	GlobalSection(ExtensibilityGlobals) = postSolution
		SolutionGuid = {41C2E194-0E43-4EB0-8337-BE5F398F80FA}
	EndGlobalSection
EndGlobal
